
Microsoft Visual Studio Solution File, Format Version 12.00
# Visual Studio Version 17
VisualStudioVersion = 17.7.34031.279
MinimumVisualStudioVersion = 10.0.40219.1
Project("{9A19103F-16F7-4668-BE54-9A1E7A4F7556}") = "TheTesseractMod", "TheTesseractMod.csproj", "{FA10A173-6085-49E4-AE2F-E18AEA267397}"
EndProject
Global
	GlobalSection(SolutionConfigurationPlatforms) = preSolution
		Debug|Any CPU = Debug|Any CPU
		Release|Any CPU = Release|Any CPU
	EndGlobalSection
	GlobalSection(ProjectConfigurationPlatforms) = postSolution
		{FA10A173-6085-49E4-AE2F-E18AEA267397}.Debug|Any CPU.ActiveCfg = Debug|Any CPU
		{FA10A173-6085-49E4-AE2F-E18AEA267397}.Debug|Any CPU.Build.0 = Debug|Any CPU
		{FA10A173-6085-49E4-AE2F-E18AEA267397}.Release|Any CPU.ActiveCfg = Release|Any CPU
		{FA10A173-6085-49E4-AE2F-E18AEA267397}.Release|Any CPU.Build.0 = Release|Any CPU
	EndGlobalSection
	GlobalSection(SolutionProperties) = preSolution
		HideSolutionNode = FALSE
	EndGlobalSection
	GlobalSection(ExtensibilityGlobals) = postSolution
		SolutionGuid = {25848E43-3571-4E51-9122-1226FD9F720D}
	EndGlobalSection
EndGlobal
